
Microsoft Visual Studio Solution File, Format Version 12.00
# Visual Studio 15
VisualStudioVersion = 15.0.28010.2036
MinimumVisualStudioVersion = 10.0.40219.1
Project("{FAE04EC0-301F-11D3-BF4B-00C04F79EFBC}") = "Mod02_5", "Mod02_5\Mod02_5.csproj", "{041A56A4-ECFA-41FF-BB85-F648ABB22E66}"
EndProject
Global
	GlobalSection(SolutionConfigurationPlatforms) = preSolution
		Debug|Any CPU = Debug|Any CPU
		Release|Any CPU = Release|Any CPU
	EndGlobalSection
	GlobalSection(ProjectConfigurationPlatforms) = postSolution
		{041A56A4-ECFA-41FF-BB85-F648ABB22E66}.Debug|Any CPU.ActiveCfg = Debug|Any CPU
		{041A56A4-ECFA-41FF-BB85-F648ABB22E66}.Debug|Any CPU.Build.0 = Debug|Any CPU
		{041A56A4-ECFA-41FF-BB85-F648ABB22E66}.Release|Any CPU.ActiveCfg = Release|Any CPU
		{041A56A4-ECFA-41FF-BB85-F648ABB22E66}.Release|Any CPU.Build.0 = Release|Any CPU
	EndGlobalSection
	GlobalSection(SolutionProperties) = preSolution
		HideSolutionNode = FALSE
	EndGlobalSection
	GlobalSection(ExtensibilityGlobals) = postSolution
		SolutionGuid = {62458356-A406-42A0-8DFA-F4814E200564}
	EndGlobalSection
EndGlobal
